<?xml version="1.0" encoding="UTF-8"?>
<CodeBlocks_project_file>
	<FileVersion major="1" minor="6"/>
	<Project>
		<Option title="SideScrollerSandbox"/>
		<Option makefile_is_custom="1"/>
		<Option compiler="gcc"/>
		<Option virtualFolders="CMake Files\;"/>
		<Build>
			<Target title="all">
				<Option working_dir="/home/plo/code/sandboxgaem"/>
				<Option type="4"/>
				<MakeCommands>
					<Build command="/usr/bin/gmake -f &quot;/home/plo/code/sandboxgaem/Makefile&quot;  VERBOSE=1 all"/>
					<CompileFile command="/usr/bin/gmake -f &quot;/home/plo/code/sandboxgaem/Makefile&quot;  VERBOSE=1 &quot;$file&quot;"/>
					<Clean command="/usr/bin/gmake -f &quot;/home/plo/code/sandboxgaem/Makefile&quot;  VERBOSE=1 clean"/>
					<DistClean command="/usr/bin/gmake -f &quot;/home/plo/code/sandboxgaem/Makefile&quot;  VERBOSE=1 clean"/>
				</MakeCommands>
			</Target>
			<Target title="rebuild_cache">
				<Option working_dir="/home/plo/code/sandboxgaem"/>
				<Option type="4"/>
				<MakeCommands>
					<Build command="/usr/bin/gmake -f &quot;/home/plo/code/sandboxgaem/Makefile&quot;  VERBOSE=1 rebuild_cache"/>
					<CompileFile command="/usr/bin/gmake -f &quot;/home/plo/code/sandboxgaem/Makefile&quot;  VERBOSE=1 &quot;$file&quot;"/>
					<Clean command="/usr/bin/gmake -f &quot;/home/plo/code/sandboxgaem/Makefile&quot;  VERBOSE=1 clean"/>
					<DistClean command="/usr/bin/gmake -f &quot;/home/plo/code/sandboxgaem/Makefile&quot;  VERBOSE=1 clean"/>
				</MakeCommands>
			</Target>
			<Target title="edit_cache">
				<Option working_dir="/home/plo/code/sandboxgaem"/>
				<Option type="4"/>
				<MakeCommands>
					<Build command="/usr/bin/gmake -f &quot;/home/plo/code/sandboxgaem/Makefile&quot;  VERBOSE=1 edit_cache"/>
					<CompileFile command="/usr/bin/gmake -f &quot;/home/plo/code/sandboxgaem/Makefile&quot;  VERBOSE=1 &quot;$file&quot;"/>
					<Clean command="/usr/bin/gmake -f &quot;/home/plo/code/sandboxgaem/Makefile&quot;  VERBOSE=1 clean"/>
					<DistClean command="/usr/bin/gmake -f &quot;/home/plo/code/sandboxgaem/Makefile&quot;  VERBOSE=1 clean"/>
				</MakeCommands>
			</Target>
			<Target title="SideScrollerSandbox">
				<Option output="/home/plo/code/sandboxgaem/SideScrollerSandbox" prefix_auto="0" extension_auto="0"/>
				<Option working_dir="/home/plo/code/sandboxgaem"/>
				<Option object_output="./"/>
				<Option type="1"/>
				<Option compiler="gcc"/>
				<Compiler>
					<Add directory="/home/plo/code/sandboxgaem/include"/>
					<Add directory="/usr/include/SDL2"/>
					<Add directory="/usr/include/AL"/>
					<Add directory="/home/plo/jamengine/include"/>
				</Compiler>
				<MakeCommands>
					<Build command="/usr/bin/gmake -f &quot;/home/plo/code/sandboxgaem/Makefile&quot;  VERBOSE=1 SideScrollerSandbox"/>
					<CompileFile command="/usr/bin/gmake -f &quot;/home/plo/code/sandboxgaem/Makefile&quot;  VERBOSE=1 &quot;$file&quot;"/>
					<Clean command="/usr/bin/gmake -f &quot;/home/plo/code/sandboxgaem/Makefile&quot;  VERBOSE=1 clean"/>
					<DistClean command="/usr/bin/gmake -f &quot;/home/plo/code/sandboxgaem/Makefile&quot;  VERBOSE=1 clean"/>
				</MakeCommands>
			</Target>
			<Target title="SideScrollerSandbox/fast">
				<Option output="/home/plo/code/sandboxgaem/SideScrollerSandbox" prefix_auto="0" extension_auto="0"/>
				<Option working_dir="/home/plo/code/sandboxgaem"/>
				<Option object_output="./"/>
				<Option type="1"/>
				<Option compiler="gcc"/>
				<Compiler>
					<Add directory="/home/plo/code/sandboxgaem/include"/>
					<Add directory="/usr/include/SDL2"/>
					<Add directory="/usr/include/AL"/>
					<Add directory="/home/plo/jamengine/include"/>
				</Compiler>
				<MakeCommands>
					<Build command="/usr/bin/gmake -f &quot;/home/plo/code/sandboxgaem/Makefile&quot;  VERBOSE=1 SideScrollerSandbox/fast"/>
					<CompileFile command="/usr/bin/gmake -f &quot;/home/plo/code/sandboxgaem/Makefile&quot;  VERBOSE=1 &quot;$file&quot;"/>
					<Clean command="/usr/bin/gmake -f &quot;/home/plo/code/sandboxgaem/Makefile&quot;  VERBOSE=1 clean"/>
					<DistClean command="/usr/bin/gmake -f &quot;/home/plo/code/sandboxgaem/Makefile&quot;  VERBOSE=1 clean"/>
				</MakeCommands>
			</Target>
		</Build>
		<Unit filename="/home/plo/code/sandboxgaem/include/Enemies.h">
			<Option target="SideScrollerSandbox"/>
		</Unit>
		<Unit filename="/home/plo/code/sandboxgaem/include/EntityBehaviour.h">
			<Option target="SideScrollerSandbox"/>
		</Unit>
		<Unit filename="/home/plo/code/sandboxgaem/include/EntityCommon.h">
			<Option target="SideScrollerSandbox"/>
		</Unit>
		<Unit filename="/home/plo/code/sandboxgaem/include/Player.h">
			<Option target="SideScrollerSandbox"/>
		</Unit>
		<Unit filename="/home/plo/code/sandboxgaem/include/SandConstants.h">
			<Option target="SideScrollerSandbox"/>
		</Unit>
		<Unit filename="/home/plo/code/sandboxgaem/main.c">
			<Option target="SideScrollerSandbox"/>
		</Unit>
		<Unit filename="/home/plo/code/sandboxgaem/src/EnemyCommon.c">
			<Option target="SideScrollerSandbox"/>
		</Unit>
		<Unit filename="/home/plo/code/sandboxgaem/src/EntityCommon.c">
			<Option target="SideScrollerSandbox"/>
		</Unit>
		<Unit filename="/home/plo/code/sandboxgaem/src/Player.c">
			<Option target="SideScrollerSandbox"/>
		</Unit>
		<Unit filename="/home/plo/code/sandboxgaem/src/SkellyMan.c">
			<Option target="SideScrollerSandbox"/>
		</Unit>
		<Unit filename="/home/plo/code/sandboxgaem/CMakeLists.txt">
			<Option virtualFolder="CMake Files\"/>
		</Unit>
		<Unit filename="/home/plo/code/sandboxgaem/FindALUT.cmake">
			<Option virtualFolder="CMake Files\"/>
		</Unit>
		<Unit filename="/home/plo/code/sandboxgaem/FindSDL2.cmake">
			<Option virtualFolder="CMake Files\"/>
		</Unit>
		<Unit filename="/home/plo/code/sandboxgaem/FindSDL2_image.cmake">
			<Option virtualFolder="CMake Files\"/>
		</Unit>
	</Project>
</CodeBlocks_project_file>
